// !$*UTF8*$!
{
	archiveVersion = 1;
	classes = {
	};
	objectVersion = 51;
	objects = {

/* Begin PBXBuildFile section */
		5343DF502491207600A17BA7 /* AppDelegate.swift in Sources */ = {isa = PBXBuildFile; fileRef = 5343DF4F2491207600A17BA7 /* AppDelegate.swift */; };
		5343DF522491207600A17BA7 /* SceneDelegate.swift in Sources */ = {isa = PBXBuildFile; fileRef = 5343DF512491207600A17BA7 /* SceneDelegate.swift */; };
		5343DF542491207600A17BA7 /* ViewController.swift in Sources */ = {isa = PBXBuildFile; fileRef = 5343DF532491207600A17BA7 /* ViewController.swift */; };
		5343DF572491207600A17BA7 /* Main.storyboard in Resources */ = {isa = PBXBuildFile; fileRef = 5343DF552491207600A17BA7 /* Main.storyboard */; };
		5343DF592491207900A17BA7 /* Assets.xcassets in Resources */ = {isa = PBXBuildFile; fileRef = 5343DF582491207900A17BA7 /* Assets.xcassets */; };
		5343DF5C2491207900A17BA7 /* LaunchScreen.storyboard in Resources */ = {isa = PBXBuildFile; fileRef = 5343DF5A2491207900A17BA7 /* LaunchScreen.storyboard */; };
		5343DF642491212C00A17BA7 /* GoogleService-Info.plist in Resources */ = {isa = PBXBuildFile; fileRef = 5343DF632491212C00A17BA7 /* GoogleService-Info.plist */; };
		53D27481249A790F00211E3A /* FirebaseManager.swift in Sources */ = {isa = PBXBuildFile; fileRef = 53D27480249A790F00211E3A /* FirebaseManager.swift */; };
		53D27483249A7A2C00211E3A /* Users.swift in Sources */ = {isa = PBXBuildFile; fileRef = 53D27482249A7A2C00211E3A /* Users.swift */; };
		53D27485249A7A6C00211E3A /* NewTask.swift in Sources */ = {isa = PBXBuildFile; fileRef = 53D27484249A7A6C00211E3A /* NewTask.swift */; };
		66C011CF97814153211D5A7F /* libPods-helpme.a in Frameworks */ = {isa = PBXBuildFile; fileRef = 24ACE2231B15F481E9484625 /* libPods-helpme.a */; };
/* End PBXBuildFile section */

/* Begin PBXFileReference section */
		24ACE2231B15F481E9484625 /* libPods-helpme.a */ = {isa = PBXFileReference; explicitFileType = archive.ar; includeInIndex = 0; path = "libPods-helpme.a"; sourceTree = BUILT_PRODUCTS_DIR; };
		4E66C63B7CF2B4E664CBAD3F /* Pods-helpme.release.xcconfig */ = {isa = PBXFileReference; includeInIndex = 1; lastKnownFileType = text.xcconfig; name = "Pods-helpme.release.xcconfig"; path = "Target Support Files/Pods-helpme/Pods-helpme.release.xcconfig"; sourceTree = "<group>"; };
		5343DF4C2491207600A17BA7 /* HelpMe.app */ = {isa = PBXFileReference; explicitFileType = wrapper.application; includeInIndex = 0; path = HelpMe.app; sourceTree = BUILT_PRODUCTS_DIR; };
		5343DF4F2491207600A17BA7 /* AppDelegate.swift */ = {isa = PBXFileReference; lastKnownFileType = sourcecode.swift; path = AppDelegate.swift; sourceTree = "<group>"; };
		5343DF512491207600A17BA7 /* SceneDelegate.swift */ = {isa = PBXFileReference; lastKnownFileType = sourcecode.swift; path = SceneDelegate.swift; sourceTree = "<group>"; };
		5343DF532491207600A17BA7 /* ViewController.swift */ = {isa = PBXFileReference; lastKnownFileType = sourcecode.swift; path = ViewController.swift; sourceTree = "<group>"; };
		5343DF562491207600A17BA7 /* Base */ = {isa = PBXFileReference; lastKnownFileType = file.storyboard; name = Base; path = Base.lproj/Main.storyboard; sourceTree = "<group>"; };
		5343DF582491207900A17BA7 /* Assets.xcassets */ = {isa = PBXFileReference; lastKnownFileType = folder.assetcatalog; path = Assets.xcassets; sourceTree = "<group>"; };
		5343DF5B2491207900A17BA7 /* Base */ = {isa = PBXFileReference; lastKnownFileType = file.storyboard; name = Base; path = Base.lproj/LaunchScreen.storyboard; sourceTree = "<group>"; };
		5343DF5D2491207900A17BA7 /* Info.plist */ = {isa = PBXFileReference; lastKnownFileType = text.plist.xml; path = Info.plist; sourceTree = "<group>"; };
		5343DF632491212C00A17BA7 /* GoogleService-Info.plist */ = {isa = PBXFileReference; fileEncoding = 4; lastKnownFileType = text.plist.xml; name = "GoogleService-Info.plist"; path = "../../../Downloads/GoogleService-Info.plist"; sourceTree = "<group>"; };
		53D27480249A790F00211E3A /* FirebaseManager.swift */ = {isa = PBXFileReference; lastKnownFileType = sourcecode.swift; path = FirebaseManager.swift; sourceTree = "<group>"; };
		53D27482249A7A2C00211E3A /* Users.swift */ = {isa = PBXFileReference; lastKnownFileType = sourcecode.swift; path = Users.swift; sourceTree = "<group>"; };
		53D27484249A7A6C00211E3A /* NewTask.swift */ = {isa = PBXFileReference; lastKnownFileType = sourcecode.swift; path = NewTask.swift; sourceTree = "<group>"; };
		E18DF89E57B105245C94E1B2 /* Pods-helpme.debug.xcconfig */ = {isa = PBXFileReference; includeInIndex = 1; lastKnownFileType = text.xcconfig; name = "Pods-helpme.debug.xcconfig"; path = "Target Support Files/Pods-helpme/Pods-helpme.debug.xcconfig"; sourceTree = "<group>"; };
/* End PBXFileReference section */

/* Begin PBXFrameworksBuildPhase section */
		5343DF492491207600A17BA7 /* Frameworks */ = {
			isa = PBXFrameworksBuildPhase;
			buildActionMask = 2147483647;
			files = (
				66C011CF97814153211D5A7F /* libPods-helpme.a in Frameworks */,
			);
			runOnlyForDeploymentPostprocessing = 0;
		};
/* End PBXFrameworksBuildPhase section */

/* Begin PBXGroup section */
		1450E2D90EA2321988D6A9A2 /* Frameworks */ = {
			isa = PBXGroup;
			children = (
				24ACE2231B15F481E9484625 /* libPods-helpme.a */,
			);
			name = Frameworks;
			sourceTree = "<group>";
		};
		5343DF432491207600A17BA7 = {
			isa = PBXGroup;
			children = (
				5343DF4E2491207600A17BA7 /* helpme */,
				5343DF4D2491207600A17BA7 /* Products */,
				F333D4BA7716114D336D498F /* Pods */,
				1450E2D90EA2321988D6A9A2 /* Frameworks */,
			);
			sourceTree = "<group>";
		};
		5343DF4D2491207600A17BA7 /* Products */ = {
			isa = PBXGroup;
			children = (
				5343DF4C2491207600A17BA7 /* HelpMe.app */,
			);
			name = Products;
			sourceTree = "<group>";
		};
		5343DF4E2491207600A17BA7 /* helpme */ = {
			isa = PBXGroup;
			children = (
				53D2747D249A77F100211E3A /* M */,
				53D2747E249A77FE00211E3A /* V */,
				53D2747F249A780D00211E3A /* C */,
				5343DF582491207900A17BA7 /* Assets.xcassets */,
				5343DF632491212C00A17BA7 /* GoogleService-Info.plist */,
				5343DF5D2491207900A17BA7 /* Info.plist */,
			);
			path = helpme;
			sourceTree = "<group>";
		};
		53D2747D249A77F100211E3A /* M */ = {
			isa = PBXGroup;
			children = (
				5343DF4F2491207600A17BA7 /* AppDelegate.swift */,
				5343DF512491207600A17BA7 /* SceneDelegate.swift */,
				53D27480249A790F00211E3A /* FirebaseManager.swift */,
				53D27482249A7A2C00211E3A /* Users.swift */,
				53D27484249A7A6C00211E3A /* NewTask.swift */,
			);
			path = M;
			sourceTree = "<group>";
		};
		53D2747E249A77FE00211E3A /* V */ = {
			isa = PBXGroup;
			children = (
				5343DF552491207600A17BA7 /* Main.storyboard */,
				5343DF5A2491207900A17BA7 /* LaunchScreen.storyboard */,
			);
			name = V;
			path = "New Group1";
			sourceTree = "<group>";
		};
		53D2747F249A780D00211E3A /* C */ = {
			isa = PBXGroup;
			children = (
				5343DF532491207600A17BA7 /* ViewController.swift */,
			);
			name = C;
			path = ..;
			sourceTree = "<group>";
		};
		F333D4BA7716114D336D498F /* Pods */ = {
			isa = PBXGroup;
			children = (
				E18DF89E57B105245C94E1B2 /* Pods-helpme.debug.xcconfig */,
				4E66C63B7CF2B4E664CBAD3F /* Pods-helpme.release.xcconfig */,
			);
			path = Pods;
			sourceTree = "<group>";
		};
/* End PBXGroup section */

/* Begin PBXNativeTarget section */
		5343DF4B2491207600A17BA7 /* helpme */ = {
			isa = PBXNativeTarget;
			buildConfigurationList = 5343DF602491207900A17BA7 /* Build configuration list for PBXNativeTarget "helpme" */;
			buildPhases = (
				99F136CB4FD24778FBCAED58 /* [CP] Check Pods Manifest.lock */,
				5343DF482491207600A17BA7 /* Sources */,
				5343DF492491207600A17BA7 /* Frameworks */,
				5343DF4A2491207600A17BA7 /* Resources */,
				360F4E2905985CEC38BEC101 /* [CP] Copy Pods Resources */,
			);
			buildRules = (
			);
			dependencies = (
			);
			name = helpme;
			productName = helpme;
			productReference = 5343DF4C2491207600A17BA7 /* HelpMe.app */;
			productType = "com.apple.product-type.application";
		};
/* End PBXNativeTarget section */

/* Begin PBXProject section */
		5343DF442491207600A17BA7 /* Project object */ = {
			isa = PBXProject;
			attributes = {
				LastSwiftUpdateCheck = 1130;
				LastUpgradeCheck = 1130;
				ORGANIZATIONNAME = "Yahya Mokaied";
				TargetAttributes = {
					5343DF4B2491207600A17BA7 = {
						CreatedOnToolsVersion = 11.3.1;
					};
				};
			};
			buildConfigurationList = 5343DF472491207600A17BA7 /* Build configuration list for PBXProject "helpme" */;
			compatibilityVersion = "Xcode 9.3";
			developmentRegion = en;
			hasScannedForEncodings = 0;
			knownRegions = (
				en,
				Base,
			);
			mainGroup = 5343DF432491207600A17BA7;
			productRefGroup = 5343DF4D2491207600A17BA7 /* Products */;
			projectDirPath = "";
			projectRoot = "";
			targets = (
				5343DF4B2491207600A17BA7 /* helpme */,
			);
		};
/* End PBXProject section */

/* Begin PBXResourcesBuildPhase section */
		5343DF4A2491207600A17BA7 /* Resources */ = {
			isa = PBXResourcesBuildPhase;
			buildActionMask = 2147483647;
			files = (
				5343DF5C2491207900A17BA7 /* LaunchScreen.storyboard in Resources */,
				5343DF642491212C00A17BA7 /* GoogleService-Info.plist in Resources */,
				5343DF592491207900A17BA7 /* Assets.xcassets in Resources */,
				5343DF572491207600A17BA7 /* Main.storyboard in Resources */,
			);
			runOnlyForDeploymentPostprocessing = 0;
		};
/* End PBXResourcesBuildPhase section */

/* Begin PBXShellScriptBuildPhase section */
		360F4E2905985CEC38BEC101 /* [CP] Copy Pods Resources */ = {
			isa = PBXShellScriptBuildPhase;
			buildActionMask = 2147483647;
			files = (
			);
			inputFileListPaths = (
				"${PODS_ROOT}/Target Support Files/Pods-helpme/Pods-helpme-resources-${CONFIGURATION}-input-files.xcfilelist",
			);
			name = "[CP] Copy Pods Resources";
			outputFileListPaths = (
				"${PODS_ROOT}/Target Support Files/Pods-helpme/Pods-helpme-resources-${CONFIGURATION}-output-files.xcfilelist",
			);
			runOnlyForDeploymentPostprocessing = 0;
			shellPath = /bin/sh;
			shellScript = "\"${PODS_ROOT}/Target Support Files/Pods-helpme/Pods-helpme-resources.sh\"\n";
			showEnvVarsInLog = 0;
		};
		99F136CB4FD24778FBCAED58 /* [CP] Check Pods Manifest.lock */ = {
			isa = PBXShellScriptBuildPhase;
			buildActionMask = 2147483647;
			files = (
			);
			inputFileListPaths = (
			);
			inputPaths = (
				"${PODS_PODFILE_DIR_PATH}/Podfile.lock",
				"${PODS_ROOT}/Manifest.lock",
			);
			name = "[CP] Check Pods Manifest.lock";
			outputFileListPaths = (
			);
			outputPaths = (
				"$(DERIVED_FILE_DIR)/Pods-helpme-checkManifestLockResult.txt",
			);
			runOnlyForDeploymentPostprocessing = 0;
			shellPath = /bin/sh;
			shellScript = "diff \"${PODS_PODFILE_DIR_PATH}/Podfile.lock\" \"${PODS_ROOT}/Manifest.lock\" > /dev/null\nif [ $? != 0 ] ; then\n    # print error to STDERR\n    echo \"error: The sandbox is not in sync with the Podfile.lock. Run 'pod install' or update your CocoaPods installation.\" >&2\n    exit 1\nfi\n# This output is used by Xcode 'outputs' to avoid re-running this script phase.\necho \"SUCCESS\" > \"${SCRIPT_OUTPUT_FILE_0}\"\n";
			showEnvVarsInLog = 0;
		};
/* End PBXShellScriptBuildPhase section */

/* Begin PBXSourcesBuildPhase section */
		5343DF482491207600A17BA7 /* Sources */ = {
			isa = PBXSourcesBuildPhase;
			buildActionMask = 2147483647;
			files = (
				53D27481249A790F00211E3A /* FirebaseManager.swift in Sources */,
				5343DF542491207600A17BA7 /* ViewController.swift in Sources */,
				5343DF502491207600A17BA7 /* AppDelegate.swift in Sources */,
				53D27485249A7A6C00211E3A /* NewTask.swift in Sources */,
				53D27483249A7A2C00211E3A /* Users.swift in Sources */,
				5343DF522491207600A17BA7 /* SceneDelegate.swift in Sources */,
			);
			runOnlyForDeploymentPostprocessing = 0;
		};
/* End PBXSourcesBuildPhase section */

/* Begin PBXVariantGroup section */
		5343DF552491207600A17BA7 /* Main.storyboard */ = {
			isa = PBXVariantGroup;
			children = (
				5343DF562491207600A17BA7 /* Base */,
			);
			name = Main.storyboard;
			sourceTree = "<group>";
		};
		5343DF5A2491207900A17BA7 /* LaunchScreen.storyboard */ = {
			isa = PBXVariantGroup;
			children = (
				5343DF5B2491207900A17BA7 /* Base */,
			);
			name = LaunchScreen.storyboard;
			sourceTree = "<group>";
		};
/* End PBXVariantGroup section */

/* Begin XCBuildConfiguration section */
		5343DF5E2491207900A17BA7 /* Debug */ = {
			isa = XCBuildConfiguration;
			buildSettings = {
				ALWAYS_SEARCH_USER_PATHS = NO;
				CLANG_ANALYZER_NONNULL = YES;
				CLANG_ANALYZER_NUMBER_OBJECT_CONVERSION = YES_AGGRESSIVE;
				CLANG_CXX_LANGUAGE_STANDARD = "gnu++14";
				CLANG_CXX_LIBRARY = "libc++";
				CLANG_ENABLE_MODULES = YES;
				CLANG_ENABLE_OBJC_ARC = YES;
				CLANG_ENABLE_OBJC_WEAK = YES;
				CLANG_WARN_BLOCK_CAPTURE_AUTORELEASING = YES;
				CLANG_WARN_BOOL_CONVERSION = YES;
				CLANG_WARN_COMMA = YES;
				CLANG_WARN_CONSTANT_CONVERSION = YES;
				CLANG_WARN_DEPRECATED_OBJC_IMPLEMENTATIONS = YES;
				CLANG_WARN_DIRECT_OBJC_ISA_USAGE = YES_ERROR;
				CLANG_WARN_DOCUMENTATION_COMMENTS = YES;
				CLANG_WARN_EMPTY_BODY = YES;
				CLANG_WARN_ENUM_CONVERSION = YES;
				CLANG_WARN_INFINITE_RECURSION = YES;
				CLANG_WARN_INT_CONVERSION = YES;
				CLANG_WARN_NON_LITERAL_NULL_CONVERSION = YES;
				CLANG_WARN_OBJC_IMPLICIT_RETAIN_SELF = YES;
				CLANG_WARN_OBJC_LITERAL_CONVERSION = YES;
				CLANG_WARN_OBJC_ROOT_CLASS = YES_ERROR;
				CLANG_WARN_RANGE_LOOP_ANALYSIS = YES;
				CLANG_WARN_STRICT_PROTOTYPES = YES;
				CLANG_WARN_SUSPICIOUS_MOVE = YES;
				CLANG_WARN_UNGUARDED_AVAILABILITY = YES_AGGRESSIVE;
				CLANG_WARN_UNREACHABLE_CODE = YES;
				CLANG_WARN__DUPLICATE_METHOD_MATCH = YES;
				COPY_PHASE_STRIP = NO;
				DEBUG_INFORMATION_FORMAT = dwarf;
				ENABLE_STRICT_OBJC_MSGSEND = YES;
				ENABLE_TESTABILITY = YES;
				GCC_C_LANGUAGE_STANDARD = gnu11;
				GCC_DYNAMIC_NO_PIC = NO;
				GCC_NO_COMMON_BLOCKS = YES;
				GCC_OPTIMIZATION_LEVEL = 0;
				GCC_PREPROCESSOR_DEFINITIONS = (
					"DEBUG=1",
					"$(inherited)",
				);
				GCC_WARN_64_TO_32_BIT_CONVERSION = YES;
				GCC_WARN_ABOUT_RETURN_TYPE = YES_ERROR;
				GCC_WARN_UNDECLARED_SELECTOR = YES;
				GCC_WARN_UNINITIALIZED_AUTOS = YES_AGGRESSIVE;
				GCC_WARN_UNUSED_FUNCTION = YES;
				GCC_WARN_UNUSED_VARIABLE = YES;
				IPHONEOS_DEPLOYMENT_TARGET = 13.2;
				MTL_ENABLE_DEBUG_INFO = INCLUDE_SOURCE;
				MTL_FAST_MATH = YES;
				ONLY_ACTIVE_ARCH = YES;
				SDKROOT = iphoneos;
				SWIFT_ACTIVE_COMPILATION_CONDITIONS = DEBUG;
				SWIFT_OPTIMIZATION_LEVEL = "-Onone";
			};
			name = Debug;
		};
		5343DF5F2491207900A17BA7 /* Release */ = {
			isa = XCBuildConfiguration;
			buildSettings = {
				ALWAYS_SEARCH_USER_PATHS = NO;
				CLANG_ANALYZER_NONNULL = YES;
				CLANG_ANALYZER_NUMBER_OBJECT_CONVERSION = YES_AGGRESSIVE;
				CLANG_CXX_LANGUAGE_STANDARD = "gnu++14";
				CLANG_CXX_LIBRARY = "libc++";
				CLANG_ENABLE_MODULES = YES;
				CLANG_ENABLE_OBJC_ARC = YES;
				CLANG_ENABLE_OBJC_WEAK = YES;
				CLANG_WARN_BLOCK_CAPTURE_AUTORELEASING = YES;
				CLANG_WARN_BOOL_CONVERSION = YES;
				CLANG_WARN_COMMA = YES;
				CLANG_WARN_CONSTANT_CONVERSION = YES;
				CLANG_WARN_DEPRECATED_OBJC_IMPLEMENTATIONS = YES;
				CLANG_WARN_DIRECT_OBJC_ISA_USAGE = YES_ERROR;
				CLANG_WARN_DOCUMENTATION_COMMENTS = YES;
				CLANG_WARN_EMPTY_BODY = YES;
				CLANG_WARN_ENUM_CONVERSION = YES;
				CLANG_WARN_INFINITE_RECURSION = YES;
				CLANG_WARN_INT_CONVERSION = YES;
				CLANG_WARN_NON_LITERAL_NULL_CONVERSION = YES;
				CLANG_WARN_OBJC_IMPLICIT_RETAIN_SELF = YES;
				CLANG_WARN_OBJC_LITERAL_CONVERSION = YES;
				CLANG_WARN_OBJC_ROOT_CLASS = YES_ERROR;
				CLANG_WARN_RANGE_LOOP_ANALYSIS = YES;
				CLANG_WARN_STRICT_PROTOTYPES = YES;
				CLANG_WARN_SUSPICIOUS_MOVE = YES;
				CLANG_WARN_UNGUARDED_AVAILABILITY = YES_AGGRESSIVE;
				CLANG_WARN_UNREACHABLE_CODE = YES;
				CLANG_WARN__DUPLICATE_METHOD_MATCH = YES;
				COPY_PHASE_STRIP = NO;
				DEBUG_INFORMATION_FORMAT = "dwarf-with-dsym";
				ENABLE_NS_ASSERTIONS = NO;
				ENABLE_STRICT_OBJC_MSGSEND = YES;
				GCC_C_LANGUAGE_STANDARD = gnu11;
				GCC_NO_COMMON_BLOCKS = YES;
				GCC_WARN_64_TO_32_BIT_CONVERSION = YES;
				GCC_WARN_ABOUT_RETURN_TYPE = YES_ERROR;
				GCC_WARN_UNDECLARED_SELECTOR = YES;
				GCC_WARN_UNINITIALIZED_AUTOS = YES_AGGRESSIVE;
				GCC_WARN_UNUSED_FUNCTION = YES;
				GCC_WARN_UNUSED_VARIABLE = YES;
				IPHONEOS_DEPLOYMENT_TARGET = 13.2;
				MTL_ENABLE_DEBUG_INFO = NO;
				MTL_FAST_MATH = YES;
				SDKROOT = iphoneos;
				SWIFT_COMPILATION_MODE = wholemodule;
				SWIFT_OPTIMIZATION_LEVEL = "-O";
				VALIDATE_PRODUCT = YES;
			};
			name = Release;
		};
		5343DF612491207900A17BA7 /* Debug */ = {
			isa = XCBuildConfiguration;
			baseConfigurationReference = E18DF89E57B105245C94E1B2 /* Pods-helpme.debug.xcconfig */;
			buildSettings = {
				ASSETCATALOG_COMPILER_APPICON_NAME = AppIcon;
				CODE_SIGN_STYLE = Automatic;
				DEVELOPMENT_TEAM = 4MBD2QF9RW;
				INFOPLIST_FILE = helpme/Info.plist;
				LD_RUNPATH_SEARCH_PATHS = (
					"$(inherited)",
					"@executable_path/Frameworks",
				);
				PRODUCT_BUNDLE_IDENTIFIER = Yahya.helpme.com;
				PRODUCT_NAME = HelpMe;
				SWIFT_VERSION = 5.0;
				TARGETED_DEVICE_FAMILY = "1,2";
			};
			name = Debug;
		};
		5343DF622491207900A17BA7 /* Release */ = {
			isa = XCBuildConfiguration;
			baseConfigurationReference = 4E66C63B7CF2B4E664CBAD3F /* Pods-helpme.release.xcconfig */;
			buildSettings = {
				ASSETCATALOG_COMPILER_APPICON_NAME = AppIcon;
				CODE_SIGN_STYLE = Automatic;
				DEVELOPMENT_TEAM = 4MBD2QF9RW;
				INFOPLIST_FILE = helpme/Info.plist;
				LD_RUNPATH_SEARCH_PATHS = (
					"$(inherited)",
					"@executable_path/Frameworks",
				);
				PRODUCT_BUNDLE_IDENTIFIER = Yahya.helpme.com;
				PRODUCT_NAME = HelpMe;
				SWIFT_VERSION = 5.0;
				TARGETED_DEVICE_FAMILY = "1,2";
			};
			name = Release;
		};
/* End XCBuildConfiguration section */

/* Begin XCConfigurationList section */
		5343DF472491207600A17BA7 /* Build configuration list for PBXProject "helpme" */ = {
			isa = XCConfigurationList;
			buildConfigurations = (
				5343DF5E2491207900A17BA7 /* Debug */,
				5343DF5F2491207900A17BA7 /* Release */,
			);
			defaultConfigurationIsVisible = 0;
			defaultConfigurationName = Release;
		};
		5343DF602491207900A17BA7 /* Build configuration list for PBXNativeTarget "helpme" */ = {
			isa = XCConfigurationList;
			buildConfigurations = (
				5343DF612491207900A17BA7 /* Debug */,
				5343DF622491207900A17BA7 /* Release */,
			);
			defaultConfigurationIsVisible = 0;
			defaultConfigurationName = Release;
		};
/* End XCConfigurationList section */
	};
	rootObject = 5343DF442491207600A17BA7 /* Project object */;
}
